
Microsoft Visual Studio Solution File, Format Version 11.00
# Visual Studio 2010
Project("{FAE04EC0-301F-11D3-BF4B-00C04F79EFBC}") = "Assembly-CSharp-Editor", "Assembly-CSharp-Editor.csproj", "{bf3fcf0e-650e-700e-a7cb-78e6877a7354}"
EndProject
Project("{FAE04EC0-301F-11D3-BF4B-00C04F79EFBC}") = "Unity.XR.Interaction.Toolkit.Samples.StarterAssets", "Unity.XR.Interaction.Toolkit.Samples.StarterAssets.csproj", "{03c1e2ac-42e0-0ae2-795e-a1b9a9d239b6}"
EndProject
Project("{FAE04EC0-301F-11D3-BF4B-00C04F79EFBC}") = "Assembly-CSharp", "Assembly-CSharp.csproj", "{57be9bc9-b6c4-1e24-5172-75fce085efc3}"
EndProject
Project("{FAE04EC0-301F-11D3-BF4B-00C04F79EFBC}") = "Unity.XR.Interaction.Toolkit.Samples.Hands", "Unity.XR.Interaction.Toolkit.Samples.Hands.csproj", "{d52b86ad-a5bb-cda5-6c55-3796bb306962}"
EndProject
Project("{FAE04EC0-301F-11D3-BF4B-00C04F79EFBC}") = "Unity.XR.Hands.Samples.VisualizerSample", "Unity.XR.Hands.Samples.VisualizerSample.csproj", "{1d294f46-de0e-6692-ee1b-2f626faee1e5}"
EndProject
Project("{FAE04EC0-301F-11D3-BF4B-00C04F79EFBC}") = "Unity.XR.Interaction.Toolkit.Samples.Hands.Editor", "Unity.XR.Interaction.Toolkit.Samples.Hands.Editor.csproj", "{fa80bc77-0558-c553-2f30-c904680fbe06}"
EndProject
Project("{FAE04EC0-301F-11D3-BF4B-00C04F79EFBC}") = "Unity.XR.Interaction.Toolkit.Samples.StarterAssets.Editor", "Unity.XR.Interaction.Toolkit.Samples.StarterAssets.Editor.csproj", "{81e26b6b-b9c9-9265-d5c1-2fc0efd2f82e}"
EndProject
Global
	GlobalSection(SolutionConfigurationPlatforms) = preSolution
		Debug|Any CPU = Debug|Any CPU
	EndGlobalSection
	GlobalSection(ProjectConfigurationPlatforms) = postSolution
		{bf3fcf0e-650e-700e-a7cb-78e6877a7354}.Debug|Any CPU.ActiveCfg = Debug|Any CPU
		{bf3fcf0e-650e-700e-a7cb-78e6877a7354}.Debug|Any CPU.Build.0 = Debug|Any CPU
		{03c1e2ac-42e0-0ae2-795e-a1b9a9d239b6}.Debug|Any CPU.ActiveCfg = Debug|Any CPU
		{03c1e2ac-42e0-0ae2-795e-a1b9a9d239b6}.Debug|Any CPU.Build.0 = Debug|Any CPU
		{57be9bc9-b6c4-1e24-5172-75fce085efc3}.Debug|Any CPU.ActiveCfg = Debug|Any CPU
		{57be9bc9-b6c4-1e24-5172-75fce085efc3}.Debug|Any CPU.Build.0 = Debug|Any CPU
		{d52b86ad-a5bb-cda5-6c55-3796bb306962}.Debug|Any CPU.ActiveCfg = Debug|Any CPU
		{d52b86ad-a5bb-cda5-6c55-3796bb306962}.Debug|Any CPU.Build.0 = Debug|Any CPU
		{1d294f46-de0e-6692-ee1b-2f626faee1e5}.Debug|Any CPU.ActiveCfg = Debug|Any CPU
		{1d294f46-de0e-6692-ee1b-2f626faee1e5}.Debug|Any CPU.Build.0 = Debug|Any CPU
		{fa80bc77-0558-c553-2f30-c904680fbe06}.Debug|Any CPU.ActiveCfg = Debug|Any CPU
		{fa80bc77-0558-c553-2f30-c904680fbe06}.Debug|Any CPU.Build.0 = Debug|Any CPU
		{81e26b6b-b9c9-9265-d5c1-2fc0efd2f82e}.Debug|Any CPU.ActiveCfg = Debug|Any CPU
		{81e26b6b-b9c9-9265-d5c1-2fc0efd2f82e}.Debug|Any CPU.Build.0 = Debug|Any CPU
	EndGlobalSection
	GlobalSection(SolutionProperties) = preSolution
		HideSolutionNode = FALSE
	EndGlobalSection
EndGlobal
